
Microsoft Visual Studio Solution File, Format Version 12.00
# Visual Studio Version 17
VisualStudioVersion = 17.3.32922.545
MinimumVisualStudioVersion = 10.0.40219.1
Project("{9A19103F-16F7-4668-BE54-9A1E7A4F7556}") = "1-Calculadora", "Calculadora\1-Calculadora.csproj", "{E4339D07-2F13-41AD-8D22-82F8563125BF}"
EndProject
Project("{9A19103F-16F7-4668-BE54-9A1E7A4F7556}") = "2-ContarVogal", "2-LerString\2-ContarVogal.csproj", "{FC55701A-0EDF-4DFE-B8C5-52464807834A}"
EndProject
Project("{9A19103F-16F7-4668-BE54-9A1E7A4F7556}") = "3-ImprimirVogal", "3-ImprimirVogal\3-ImprimirVogal.csproj", "{9FCA139F-666D-4365-A5FC-7E80D6A9DA7C}"
EndProject
Project("{FAE04EC0-301F-11D3-BF4B-00C04F79EFBC}") = "4-ImprimirConsoante", "4-ImprimirConsoante\4-ImprimirConsoante.csproj", "{249558CA-0DD2-4CE2-8328-120F5B1E4BB6}"
EndProject
Global
	GlobalSection(SolutionConfigurationPlatforms) = preSolution
		Debug|Any CPU = Debug|Any CPU
		Release|Any CPU = Release|Any CPU
	EndGlobalSection
	GlobalSection(ProjectConfigurationPlatforms) = postSolution
		{E4339D07-2F13-41AD-8D22-82F8563125BF}.Debug|Any CPU.ActiveCfg = Debug|Any CPU
		{E4339D07-2F13-41AD-8D22-82F8563125BF}.Debug|Any CPU.Build.0 = Debug|Any CPU
		{E4339D07-2F13-41AD-8D22-82F8563125BF}.Release|Any CPU.ActiveCfg = Release|Any CPU
		{E4339D07-2F13-41AD-8D22-82F8563125BF}.Release|Any CPU.Build.0 = Release|Any CPU
		{FC55701A-0EDF-4DFE-B8C5-52464807834A}.Debug|Any CPU.ActiveCfg = Debug|Any CPU
		{FC55701A-0EDF-4DFE-B8C5-52464807834A}.Debug|Any CPU.Build.0 = Debug|Any CPU
		{FC55701A-0EDF-4DFE-B8C5-52464807834A}.Release|Any CPU.ActiveCfg = Release|Any CPU
		{FC55701A-0EDF-4DFE-B8C5-52464807834A}.Release|Any CPU.Build.0 = Release|Any CPU
		{9FCA139F-666D-4365-A5FC-7E80D6A9DA7C}.Debug|Any CPU.ActiveCfg = Debug|Any CPU
		{9FCA139F-666D-4365-A5FC-7E80D6A9DA7C}.Debug|Any CPU.Build.0 = Debug|Any CPU
		{9FCA139F-666D-4365-A5FC-7E80D6A9DA7C}.Release|Any CPU.ActiveCfg = Release|Any CPU
		{9FCA139F-666D-4365-A5FC-7E80D6A9DA7C}.Release|Any CPU.Build.0 = Release|Any CPU
		{249558CA-0DD2-4CE2-8328-120F5B1E4BB6}.Debug|Any CPU.ActiveCfg = Debug|Any CPU
		{249558CA-0DD2-4CE2-8328-120F5B1E4BB6}.Debug|Any CPU.Build.0 = Debug|Any CPU
		{249558CA-0DD2-4CE2-8328-120F5B1E4BB6}.Release|Any CPU.ActiveCfg = Release|Any CPU
		{249558CA-0DD2-4CE2-8328-120F5B1E4BB6}.Release|Any CPU.Build.0 = Release|Any CPU
	EndGlobalSection
	GlobalSection(SolutionProperties) = preSolution
		HideSolutionNode = FALSE
	EndGlobalSection
	GlobalSection(ExtensibilityGlobals) = postSolution
		SolutionGuid = {C15DA9B2-4E16-426E-A20D-0CB1F178D873}
	EndGlobalSection
EndGlobal
